
Microsoft Visual Studio Solution File, Format Version 12.00
# Visual Studio Version 16
VisualStudioVersion = 16.0.30406.217
MinimumVisualStudioVersion = 10.0.40219.1
Project("{FAE04EC0-301F-11D3-BF4B-00C04F79EFBC}") = "Vaida_Sabina_Lab6", "Vaida_Sabina_Lab6.csproj", "{61915B16-46CD-498E-96FD-F4DBEE8A2A7A}"
EndProject
Project("{FAE04EC0-301F-11D3-BF4B-00C04F79EFBC}") = "AutoLotModel", "..\AutoLotModel\AutoLotModel.csproj", "{5CE6F337-6657-4CE2-9255-F34B4B7F9ABD}"
EndProject
Global
	GlobalSection(SolutionConfigurationPlatforms) = preSolution
		Debug|Any CPU = Debug|Any CPU
		Release|Any CPU = Release|Any CPU
	EndGlobalSection
	GlobalSection(ProjectConfigurationPlatforms) = postSolution
		{61915B16-46CD-498E-96FD-F4DBEE8A2A7A}.Debug|Any CPU.ActiveCfg = Debug|Any CPU
		{61915B16-46CD-498E-96FD-F4DBEE8A2A7A}.Debug|Any CPU.Build.0 = Debug|Any CPU
		{61915B16-46CD-498E-96FD-F4DBEE8A2A7A}.Release|Any CPU.ActiveCfg = Release|Any CPU
		{61915B16-46CD-498E-96FD-F4DBEE8A2A7A}.Release|Any CPU.Build.0 = Release|Any CPU
		{5CE6F337-6657-4CE2-9255-F34B4B7F9ABD}.Debug|Any CPU.ActiveCfg = Debug|Any CPU
		{5CE6F337-6657-4CE2-9255-F34B4B7F9ABD}.Debug|Any CPU.Build.0 = Debug|Any CPU
		{5CE6F337-6657-4CE2-9255-F34B4B7F9ABD}.Release|Any CPU.ActiveCfg = Release|Any CPU
		{5CE6F337-6657-4CE2-9255-F34B4B7F9ABD}.Release|Any CPU.Build.0 = Release|Any CPU
	EndGlobalSection
	GlobalSection(SolutionProperties) = preSolution
		HideSolutionNode = FALSE
	EndGlobalSection
	GlobalSection(ExtensibilityGlobals) = postSolution
		SolutionGuid = {E0388181-CD33-45C5-BC81-B4CCB58950E5}
	EndGlobalSection
EndGlobal
